
Microsoft Visual Studio Solution File, Format Version 12.00
# Visual Studio Version 17
VisualStudioVersion = 17.3.32804.467
MinimumVisualStudioVersion = 10.0.40219.1
Project("{FAE04EC0-301F-11D3-BF4B-00C04F79EFBC}") = "TestHoneywell", "TestHoneywell\TestHoneywell.csproj", "{D87FA342-FB75-4138-8A47-38559080AFF3}"
EndProject
Global
	GlobalSection(SolutionConfigurationPlatforms) = preSolution
		Debug|Any CPU = Debug|Any CPU
		Release|Any CPU = Release|Any CPU
	EndGlobalSection
	GlobalSection(ProjectConfigurationPlatforms) = postSolution
		{D87FA342-FB75-4138-8A47-38559080AFF3}.Debug|Any CPU.ActiveCfg = Debug|Any CPU
		{D87FA342-FB75-4138-8A47-38559080AFF3}.Debug|Any CPU.Build.0 = Debug|Any CPU
		{D87FA342-FB75-4138-8A47-38559080AFF3}.Release|Any CPU.ActiveCfg = Release|Any CPU
		{D87FA342-FB75-4138-8A47-38559080AFF3}.Release|Any CPU.Build.0 = Release|Any CPU
	EndGlobalSection
	GlobalSection(SolutionProperties) = preSolution
		HideSolutionNode = FALSE
	EndGlobalSection
	GlobalSection(ExtensibilityGlobals) = postSolution
		SolutionGuid = {2EDB1436-4D4A-4349-943E-4F06D1B26890}
	EndGlobalSection
EndGlobal
